
Microsoft Visual Studio Solution File, Format Version 12.00
# Visual Studio Version 16
VisualStudioVersion = 16.0.29306.81
MinimumVisualStudioVersion = 10.0.40219.1
Project("{9A19103F-16F7-4668-BE54-9A1E7A4F7556}") = "FoodService", "FoodService\FoodService.csproj", "{072FB5F1-B1F4-4B3F-BBC4-66DB1ADCECBA}"
EndProject
Global
	GlobalSection(SolutionConfigurationPlatforms) = preSolution
		Debug|Any CPU = Debug|Any CPU
		Release|Any CPU = Release|Any CPU
	EndGlobalSection
	GlobalSection(ProjectConfigurationPlatforms) = postSolution
		{072FB5F1-B1F4-4B3F-BBC4-66DB1ADCECBA}.Debug|Any CPU.ActiveCfg = Debug|Any CPU
		{072FB5F1-B1F4-4B3F-BBC4-66DB1ADCECBA}.Debug|Any CPU.Build.0 = Debug|Any CPU
		{072FB5F1-B1F4-4B3F-BBC4-66DB1ADCECBA}.Release|Any CPU.ActiveCfg = Release|Any CPU
		{072FB5F1-B1F4-4B3F-BBC4-66DB1ADCECBA}.Release|Any CPU.Build.0 = Release|Any CPU
	EndGlobalSection
	GlobalSection(SolutionProperties) = preSolution
		HideSolutionNode = FALSE
	EndGlobalSection
	GlobalSection(ExtensibilityGlobals) = postSolution
		SolutionGuid = {90969D95-2BFC-423D-8132-A10426A1D22D}
	EndGlobalSection
EndGlobal
